// !$*UTF8*$!
{
	archiveVersion = 1;
	classes = {
	};
	objectVersion = 46;
	objects = {

/* Begin PBXBuildFile section */
		67EB783E1B744C4500C0115B /* main.m in Sources */ = {isa = PBXBuildFile; fileRef = 67EB783D1B744C4500C0115B /* main.m */; };
		67EB78411B744C4600C0115B /* AppDelegate.m in Sources */ = {isa = PBXBuildFile; fileRef = 67EB78401B744C4600C0115B /* AppDelegate.m */; };
		67EB78441B744C4600C0115B /* ViewController.m in Sources */ = {isa = PBXBuildFile; fileRef = 67EB78431B744C4600C0115B /* ViewController.m */; };
		67EB78471B744C4600C0115B /* Main.storyboard in Resources */ = {isa = PBXBuildFile; fileRef = 67EB78451B744C4600C0115B /* Main.storyboard */; };
		67EB78491B744C4600C0115B /* Images.xcassets in Resources */ = {isa = PBXBuildFile; fileRef = 67EB78481B744C4600C0115B /* Images.xcassets */; };
		67EB784C1B744C4600C0115B /* LaunchScreen.xib in Resources */ = {isa = PBXBuildFile; fileRef = 67EB784A1B744C4600C0115B /* LaunchScreen.xib */; };
		67EB78581B744C4600C0115B /* SlidingMenuTests.m in Sources */ = {isa = PBXBuildFile; fileRef = 67EB78571B744C4600C0115B /* SlidingMenuTests.m */; };
/* End PBXBuildFile section */

/* Begin PBXContainerItemProxy section */
		67EB78521B744C4600C0115B /* PBXContainerItemProxy */ = {
			isa = PBXContainerItemProxy;
			containerPortal = 67EB78301B744C4500C0115B /* Project object */;
			proxyType = 1;
			remoteGlobalIDString = 67EB78371B744C4500C0115B;
			remoteInfo = SlidingMenu;
		};
/* End PBXContainerItemProxy section */

/* Begin PBXFileReference section */
		67EB78381B744C4500C0115B /* SlidingMenu.app */ = {isa = PBXFileReference; explicitFileType = wrapper.application; includeInIndex = 0; path = SlidingMenu.app; sourceTree = BUILT_PRODUCTS_DIR; };
		67EB783C1B744C4500C0115B /* Info.plist */ = {isa = PBXFileReference; lastKnownFileType = text.plist.xml; path = Info.plist; sourceTree = "<group>"; };
		67EB783D1B744C4500C0115B /* main.m */ = {isa = PBXFileReference; lastKnownFileType = sourcecode.c.objc; path = main.m; sourceTree = "<group>"; };
		67EB783F1B744C4600C0115B /* AppDelegate.h */ = {isa = PBXFileReference; lastKnownFileType = sourcecode.c.h; path = AppDelegate.h; sourceTree = "<group>"; };
		67EB78401B744C4600C0115B /* AppDelegate.m */ = {isa = PBXFileReference; lastKnownFileType = sourcecode.c.objc; path = AppDelegate.m; sourceTree = "<group>"; };
		67EB78421B744C4600C0115B /* ViewController.h */ = {isa = PBXFileReference; lastKnownFileType = sourcecode.c.h; path = ViewController.h; sourceTree = "<group>"; };
		67EB78431B744C4600C0115B /* ViewController.m */ = {isa = PBXFileReference; lastKnownFileType = sourcecode.c.objc; path = ViewController.m; sourceTree = "<group>"; };
		67EB78461B744C4600C0115B /* Base */ = {isa = PBXFileReference; lastKnownFileType = file.storyboard; name = Base; path = Base.lproj/Main.storyboard; sourceTree = "<group>"; };
		67EB78481B744C4600C0115B /* Images.xcassets */ = {isa = PBXFileReference; lastKnownFileType = folder.assetcatalog; path = Images.xcassets; sourceTree = "<group>"; };
		67EB784B1B744C4600C0115B /* Base */ = {isa = PBXFileReference; lastKnownFileType = file.xib; name = Base; path = Base.lproj/LaunchScreen.xib; sourceTree = "<group>"; };
		67EB78511B744C4600C0115B /* SlidingMenuTests.xctest */ = {isa = PBXFileReference; explicitFileType = wrapper.cfbundle; includeInIndex = 0; path = SlidingMenuTests.xctest; sourceTree = BUILT_PRODUCTS_DIR; };
		67EB78561B744C4600C0115B /* Info.plist */ = {isa = PBXFileReference; lastKnownFileType = text.plist.xml; path = Info.plist; sourceTree = "<group>"; };
		67EB78571B744C4600C0115B /* SlidingMenuTests.m */ = {isa = PBXFileReference; lastKnownFileType = sourcecode.c.objc; path = SlidingMenuTests.m; sourceTree = "<group>"; };
/* End PBXFileReference section */

/* Begin PBXFrameworksBuildPhase section */
		67EB78351B744C4500C0115B /* Frameworks */ = {
			isa = PBXFrameworksBuildPhase;
			buildActionMask = 2147483647;
			files = (
			);
			runOnlyForDeploymentPostprocessing = 0;
		};
		67EB784E1B744C4600C0115B /* Frameworks */ = {
			isa = PBXFrameworksBuildPhase;
			buildActionMask = 2147483647;
			files = (
			);
			runOnlyForDeploymentPostprocessing = 0;
		};
/* End PBXFrameworksBuildPhase section */

/* Begin PBXGroup section */
		67EB782F1B744C4500C0115B = {
			isa = PBXGroup;
			children = (
				67EB783A1B744C4500C0115B /* SlidingMenu */,
				67EB78541B744C4600C0115B /* SlidingMenuTests */,
				67EB78391B744C4500C0115B /* Products */,
			);
			sourceTree = "<group>";
		};
		67EB78391B744C4500C0115B /* Products */ = {
			isa = PBXGroup;
			children = (
				67EB78381B744C4500C0115B /* SlidingMenu.app */,
				67EB78511B744C4600C0115B /* SlidingMenuTests.xctest */,
			);
			name = Products;
			sourceTree = "<group>";
		};
		67EB783A1B744C4500C0115B /* SlidingMenu */ = {
			isa = PBXGroup;
			children = (
				67EB783F1B744C4600C0115B /* AppDelegate.h */,
				67EB78401B744C4600C0115B /* AppDelegate.m */,
				67EB78421B744C4600C0115B /* ViewController.h */,
				67EB78431B744C4600C0115B /* ViewController.m */,
				67EB78451B744C4600C0115B /* Main.storyboard */,
				67EB78481B744C4600C0115B /* Images.xcassets */,
				67EB784A1B744C4600C0115B /* LaunchScreen.xib */,
				67EB783B1B744C4500C0115B /* Supporting Files */,
			);
			path = SlidingMenu;
			sourceTree = "<group>";
		};
		67EB783B1B744C4500C0115B /* Supporting Files */ = {
			isa = PBXGroup;
			children = (
				67EB783C1B744C4500C0115B /* Info.plist */,
				67EB783D1B744C4500C0115B /* main.m */,
			);
			name = "Supporting Files";
			sourceTree = "<group>";
		};
		67EB78541B744C4600C0115B /* SlidingMenuTests */ = {
			isa = PBXGroup;
			children = (
				67EB78571B744C4600C0115B /* SlidingMenuTests.m */,
				67EB78551B744C4600C0115B /* Supporting Files */,
			);
			path = SlidingMenuTests;
			sourceTree = "<group>";
		};
		67EB78551B744C4600C0115B /* Supporting Files */ = {
			isa = PBXGroup;
			children = (
				67EB78561B744C4600C0115B /* Info.plist */,
			);
			name = "Supporting Files";
			sourceTree = "<group>";
		};
/* End PBXGroup section */

/* Begin PBXNativeTarget section */
		67EB78371B744C4500C0115B /* SlidingMenu */ = {
			isa = PBXNativeTarget;
			buildConfigurationList = 67EB785B1B744C4600C0115B /* Build configuration list for PBXNativeTarget "SlidingMenu" */;
			buildPhases = (
				67EB78341B744C4500C0115B /* Sources */,
				67EB78351B744C4500C0115B /* Frameworks */,
				67EB78361B744C4500C0115B /* Resources */,
			);
			buildRules = (
			);
			dependencies = (
			);
			name = SlidingMenu;
			productName = SlidingMenu;
			productReference = 67EB78381B744C4500C0115B /* SlidingMenu.app */;
			productType = "com.apple.product-type.application";
		};
		67EB78501B744C4600C0115B /* SlidingMenuTests */ = {
			isa = PBXNativeTarget;
			buildConfigurationList = 67EB785E1B744C4600C0115B /* Build configuration list for PBXNativeTarget "SlidingMenuTests" */;
			buildPhases = (
				67EB784D1B744C4600C0115B /* Sources */,
				67EB784E1B744C4600C0115B /* Frameworks */,
				67EB784F1B744C4600C0115B /* Resources */,
			);
			buildRules = (
			);
			dependencies = (
				67EB78531B744C4600C0115B /* PBXTargetDependency */,
			);
			name = SlidingMenuTests;
			productName = SlidingMenuTests;
			productReference = 67EB78511B744C4600C0115B /* SlidingMenuTests.xctest */;
			productType = "com.apple.product-type.bundle.unit-test";
		};
/* End PBXNativeTarget section */

/* Begin PBXProject section */
		67EB78301B744C4500C0115B /* Project object */ = {
			isa = PBXProject;
			attributes = {
				LastUpgradeCheck = 0640;
				ORGANIZATIONNAME = "Raghav Sai Cheedalla";
				TargetAttributes = {
					67EB78371B744C4500C0115B = {
						CreatedOnToolsVersion = 6.4;
					};
					67EB78501B744C4600C0115B = {
						CreatedOnToolsVersion = 6.4;
						TestTargetID = 67EB78371B744C4500C0115B;
					};
				};
			};
			buildConfigurationList = 67EB78331B744C4500C0115B /* Build configuration list for PBXProject "SlidingMenu" */;
			compatibilityVersion = "Xcode 3.2";
			developmentRegion = English;
			hasScannedForEncodings = 0;
			knownRegions = (
				en,
				Base,
			);
			mainGroup = 67EB782F1B744C4500C0115B;
			productRefGroup = 67EB78391B744C4500C0115B /* Products */;
			projectDirPath = "";
			projectRoot = "";
			targets = (
				67EB78371B744C4500C0115B /* SlidingMenu */,
				67EB78501B744C4600C0115B /* SlidingMenuTests */,
			);
		};
/* End PBXProject section */

/* Begin PBXResourcesBuildPhase section */
		67EB78361B744C4500C0115B /* Resources */ = {
			isa = PBXResourcesBuildPhase;
			buildActionMask = 2147483647;
			files = (
				67EB78471B744C4600C0115B /* Main.storyboard in Resources */,
				67EB784C1B744C4600C0115B /* LaunchScreen.xib in Resources */,
				67EB78491B744C4600C0115B /* Images.xcassets in Resources */,
			);
			runOnlyForDeploymentPostprocessing = 0;
		};
		67EB784F1B744C4600C0115B /* Resources */ = {
			isa = PBXResourcesBuildPhase;
			buildActionMask = 2147483647;
			files = (
			);
			runOnlyForDeploymentPostprocessing = 0;
		};
/* End PBXResourcesBuildPhase section */

/* Begin PBXSourcesBuildPhase section */
		67EB78341B744C4500C0115B /* Sources */ = {
			isa = PBXSourcesBuildPhase;
			buildActionMask = 2147483647;
			files = (
				67EB78441B744C4600C0115B /* ViewController.m in Sources */,
				67EB78411B744C4600C0115B /* AppDelegate.m in Sources */,
				67EB783E1B744C4500C0115B /* main.m in Sources */,
			);
			runOnlyForDeploymentPostprocessing = 0;
		};
		67EB784D1B744C4600C0115B /* Sources */ = {
			isa = PBXSourcesBuildPhase;
			buildActionMask = 2147483647;
			files = (
				67EB78581B744C4600C0115B /* SlidingMenuTests.m in Sources */,
			);
			runOnlyForDeploymentPostprocessing = 0;
		};
/* End PBXSourcesBuildPhase section */

/* Begin PBXTargetDependency section */
		67EB78531B744C4600C0115B /* PBXTargetDependency */ = {
			isa = PBXTargetDependency;
			target = 67EB78371B744C4500C0115B /* SlidingMenu */;
			targetProxy = 67EB78521B744C4600C0115B /* PBXContainerItemProxy */;
		};
/* End PBXTargetDependency section */

/* Begin PBXVariantGroup section */
		67EB78451B744C4600C0115B /* Main.storyboard */ = {
			isa = PBXVariantGroup;
			children = (
				67EB78461B744C4600C0115B /* Base */,
			);
			name = Main.storyboard;
			sourceTree = "<group>";
		};
		67EB784A1B744C4600C0115B /* LaunchScreen.xib */ = {
			isa = PBXVariantGroup;
			children = (
				67EB784B1B744C4600C0115B /* Base */,
			);
			name = LaunchScreen.xib;
			sourceTree = "<group>";
		};
/* End PBXVariantGroup section */

/* Begin XCBuildConfiguration section */
		67EB78591B744C4600C0115B /* Debug */ = {
			isa = XCBuildConfiguration;
			buildSettings = {
				ALWAYS_SEARCH_USER_PATHS = NO;
				CLANG_CXX_LANGUAGE_STANDARD = "gnu++0x";
				CLANG_CXX_LIBRARY = "libc++";
				CLANG_ENABLE_MODULES = YES;
				CLANG_ENABLE_OBJC_ARC = YES;
				CLANG_WARN_BOOL_CONVERSION = YES;
				CLANG_WARN_CONSTANT_CONVERSION = YES;
				CLANG_WARN_DIRECT_OBJC_ISA_USAGE = YES_ERROR;
				CLANG_WARN_EMPTY_BODY = YES;
				CLANG_WARN_ENUM_CONVERSION = YES;
				CLANG_WARN_INT_CONVERSION = YES;
				CLANG_WARN_OBJC_ROOT_CLASS = YES_ERROR;
				CLANG_WARN_UNREACHABLE_CODE = YES;
				CLANG_WARN__DUPLICATE_METHOD_MATCH = YES;
				"CODE_SIGN_IDENTITY[sdk=iphoneos*]" = "iPhone Developer";
				COPY_PHASE_STRIP = NO;
				DEBUG_INFORMATION_FORMAT = "dwarf-with-dsym";
				ENABLE_STRICT_OBJC_MSGSEND = YES;
				GCC_C_LANGUAGE_STANDARD = gnu99;
				GCC_DYNAMIC_NO_PIC = NO;
				GCC_NO_COMMON_BLOCKS = YES;
				GCC_OPTIMIZATION_LEVEL = 0;
				GCC_PREPROCESSOR_DEFINITIONS = (
					"DEBUG=1",
					"$(inherited)",
				);
				GCC_SYMBOLS_PRIVATE_EXTERN = NO;
				GCC_WARN_64_TO_32_BIT_CONVERSION = YES;
				GCC_WARN_ABOUT_RETURN_TYPE = YES_ERROR;
				GCC_WARN_UNDECLARED_SELECTOR = YES;
				GCC_WARN_UNINITIALIZED_AUTOS = YES_AGGRESSIVE;
				GCC_WARN_UNUSED_FUNCTION = YES;
				GCC_WARN_UNUSED_VARIABLE = YES;
				IPHONEOS_DEPLOYMENT_TARGET = 8.4;
				MTL_ENABLE_DEBUG_INFO = YES;
				ONLY_ACTIVE_ARCH = YES;
				SDKROOT = iphoneos;
			};
			name = Debug;
		};
		67EB785A1B744C4600C0115B /* Release */ = {
			isa = XCBuildConfiguration;
			buildSettings = {
				ALWAYS_SEARCH_USER_PATHS = NO;
				CLANG_CXX_LANGUAGE_STANDARD = "gnu++0x";
				CLANG_CXX_LIBRARY = "libc++";
				CLANG_ENABLE_MODULES = YES;
				CLANG_ENABLE_OBJC_ARC = YES;
				CLANG_WARN_BOOL_CONVERSION = YES;
				CLANG_WARN_CONSTANT_CONVERSION = YES;
				CLANG_WARN_DIRECT_OBJC_ISA_USAGE = YES_ERROR;
				CLANG_WARN_EMPTY_BODY = YES;
				CLANG_WARN_ENUM_CONVERSION = YES;
				CLANG_WARN_INT_CONVERSION = YES;
				CLANG_WARN_OBJC_ROOT_CLASS = YES_ERROR;
				CLANG_WARN_UNREACHABLE_CODE = YES;
				CLANG_WARN__DUPLICATE_METHOD_MATCH = YES;
				"CODE_SIGN_IDENTITY[sdk=iphoneos*]" = "iPhone Developer";
				COPY_PHASE_STRIP = NO;
				DEBUG_INFORMATION_FORMAT = "dwarf-with-dsym";
				ENABLE_NS_ASSERTIONS = NO;
				ENABLE_STRICT_OBJC_MSGSEND = YES;
				GCC_C_LANGUAGE_STANDARD = gnu99;
				GCC_NO_COMMON_BLOCKS = YES;
				GCC_WARN_64_TO_32_BIT_CONVERSION = YES;
				GCC_WARN_ABOUT_RETURN_TYPE = YES_ERROR;
				GCC_WARN_UNDECLARED_SELECTOR = YES;
				GCC_WARN_UNINITIALIZED_AUTOS = YES_AGGRESSIVE;
				GCC_WARN_UNUSED_FUNCTION = YES;
				GCC_WARN_UNUSED_VARIABLE = YES;
				IPHONEOS_DEPLOYMENT_TARGET = 8.4;
				MTL_ENABLE_DEBUG_INFO = NO;
				SDKROOT = iphoneos;
				VALIDATE_PRODUCT = YES;
			};
			name = Release;
		};
		67EB785C1B744C4600C0115B /* Debug */ = {
			isa = XCBuildConfiguration;
			buildSettings = {
				ASSETCATALOG_COMPILER_APPICON_NAME = AppIcon;
				INFOPLIST_FILE = SlidingMenu/Info.plist;
				LD_RUNPATH_SEARCH_PATHS = "$(inherited) @executable_path/Frameworks";
				PRODUCT_NAME = "$(TARGET_NAME)";
			};
			name = Debug;
		};
		67EB785D1B744C4600C0115B /* Release */ = {
			isa = XCBuildConfiguration;
			buildSettings = {
				ASSETCATALOG_COMPILER_APPICON_NAME = AppIcon;
				INFOPLIST_FILE = SlidingMenu/Info.plist;
				LD_RUNPATH_SEARCH_PATHS = "$(inherited) @executable_path/Frameworks";
				PRODUCT_NAME = "$(TARGET_NAME)";
			};
			name = Release;
		};
		67EB785F1B744C4600C0115B /* Debug */ = {
			isa = XCBuildConfiguration;
			buildSettings = {
				BUNDLE_LOADER = "$(TEST_HOST)";
				FRAMEWORK_SEARCH_PATHS = (
					"$(SDKROOT)/Developer/Library/Frameworks",
					"$(inherited)",
				);
				GCC_PREPROCESSOR_DEFINITIONS = (
					"DEBUG=1",
					"$(inherited)",
				);
				INFOPLIST_FILE = SlidingMenuTests/Info.plist;
				LD_RUNPATH_SEARCH_PATHS = "$(inherited) @executable_path/Frameworks @loader_path/Frameworks";
				PRODUCT_NAME = "$(TARGET_NAME)";
				TEST_HOST = "$(BUILT_PRODUCTS_DIR)/SlidingMenu.app/SlidingMenu";
			};
			name = Debug;
		};
		67EB78601B744C4600C0115B /* Release */ = {
			isa = XCBuildConfiguration;
			buildSettings = {
				BUNDLE_LOADER = "$(TEST_HOST)";
				FRAMEWORK_SEARCH_PATHS = (
					"$(SDKROOT)/Developer/Library/Frameworks",
					"$(inherited)",
				);
				INFOPLIST_FILE = SlidingMenuTests/Info.plist;
				LD_RUNPATH_SEARCH_PATHS = "$(inherited) @executable_path/Frameworks @loader_path/Frameworks";
				PRODUCT_NAME = "$(TARGET_NAME)";
				TEST_HOST = "$(BUILT_PRODUCTS_DIR)/SlidingMenu.app/SlidingMenu";
			};
			name = Release;
		};
/* End XCBuildConfiguration section */

/* Begin XCConfigurationList section */
		67EB78331B744C4500C0115B /* Build configuration list for PBXProject "SlidingMenu" */ = {
			isa = XCConfigurationList;
			buildConfigurations = (
				67EB78591B744C4600C0115B /* Debug */,
				67EB785A1B744C4600C0115B /* Release */,
			);
			defaultConfigurationIsVisible = 0;
			defaultConfigurationName = Release;
		};
		67EB785B1B744C4600C0115B /* Build configuration list for PBXNativeTarget "SlidingMenu" */ = {
			isa = XCConfigurationList;
			buildConfigurations = (
				67EB785C1B744C4600C0115B /* Debug */,
				67EB785D1B744C4600C0115B /* Release */,
			);
			defaultConfigurationIsVisible = 0;
		};
		67EB785E1B744C4600C0115B /* Build configuration list for PBXNativeTarget "SlidingMenuTests" */ = {
			isa = XCConfigurationList;
			buildConfigurations = (
				67EB785F1B744C4600C0115B /* Debug */,
				67EB78601B744C4600C0115B /* Release */,
			);
			defaultConfigurationIsVisible = 0;
		};
/* End XCConfigurationList section */
	};
	rootObject = 67EB78301B744C4500C0115B /* Project object */;
}
